
Microsoft Visual Studio Solution File, Format Version 12.00
# Visual Studio Version 16
VisualStudioVersion = 16.0.28803.202
MinimumVisualStudioVersion = 10.0.40219.1
Project("{9A19103F-16F7-4668-BE54-9A1E7A4F7556}") = "WechatRobot.SDK", "WechatRobot.SDK\WechatRobot.SDK.csproj", "{74865841-C0C5-407A-9C08-1649E71D3A4E}"
EndProject
Project("{9A19103F-16F7-4668-BE54-9A1E7A4F7556}") = "WechatRobot.Web", "WechatRobot.Web\WechatRobot.Web.csproj", "{4360D99C-1516-4198-9E99-E78420893971}"
EndProject
Project("{9A19103F-16F7-4668-BE54-9A1E7A4F7556}") = "WechatRobot.Model", "WechatRobot.Model\WechatRobot.Model.csproj", "{B01DED7E-3461-4038-AFEE-489997AF4B2F}"
EndProject
Project("{9A19103F-16F7-4668-BE54-9A1E7A4F7556}") = "WechatRobot.Common", "WechatRobot.Common\WechatRobot.Common.csproj", "{1F7E18A2-DF57-4D14-A50D-BFE3DEBE8BDF}"
EndProject
Project("{9A19103F-16F7-4668-BE54-9A1E7A4F7556}") = "WechatRobot.DataAccess", "WechatRobot.DataAccess\WechatRobot.DataAccess.csproj", "{E094C41E-1098-4697-A6C9-3C7B805CC3EF}"
EndProject
Project("{9A19103F-16F7-4668-BE54-9A1E7A4F7556}") = "WechatRobot.BusinessLogic", "WechatRobot.BusinessLogic\WechatRobot.BusinessLogic.csproj", "{14667FB9-C8C2-481F-B087-2E2EAF1EE190}"
EndProject
Project("{9A19103F-16F7-4668-BE54-9A1E7A4F7556}") = "WechatRobot.Controllers", "WechatRobot.Controllers\WechatRobot.Controllers.csproj", "{4CFE7548-C2CF-4919-8AFA-7B49B62455D3}"
EndProject
Project("{9A19103F-16F7-4668-BE54-9A1E7A4F7556}") = "UnitTestProject", "UnitTestProject\UnitTestProject.csproj", "{618D4204-2848-4401-924A-AAC841BEBEE9}"
EndProject
Project("{FAE04EC0-301F-11D3-BF4B-00C04F79EFBC}") = "WechatRobot", "WechatRobot\WechatRobot.csproj", "{C1F1A979-DEE9-4CB6-B373-7DA39CE28163}"
EndProject
Global
	GlobalSection(SolutionConfigurationPlatforms) = preSolution
		Debug|Any CPU = Debug|Any CPU
		Release|Any CPU = Release|Any CPU
	EndGlobalSection
	GlobalSection(ProjectConfigurationPlatforms) = postSolution
		{74865841-C0C5-407A-9C08-1649E71D3A4E}.Debug|Any CPU.ActiveCfg = Debug|Any CPU
		{74865841-C0C5-407A-9C08-1649E71D3A4E}.Debug|Any CPU.Build.0 = Debug|Any CPU
		{74865841-C0C5-407A-9C08-1649E71D3A4E}.Release|Any CPU.ActiveCfg = Release|Any CPU
		{74865841-C0C5-407A-9C08-1649E71D3A4E}.Release|Any CPU.Build.0 = Release|Any CPU
		{4360D99C-1516-4198-9E99-E78420893971}.Debug|Any CPU.ActiveCfg = Debug|Any CPU
		{4360D99C-1516-4198-9E99-E78420893971}.Debug|Any CPU.Build.0 = Debug|Any CPU
		{4360D99C-1516-4198-9E99-E78420893971}.Release|Any CPU.ActiveCfg = Release|Any CPU
		{4360D99C-1516-4198-9E99-E78420893971}.Release|Any CPU.Build.0 = Release|Any CPU
		{B01DED7E-3461-4038-AFEE-489997AF4B2F}.Debug|Any CPU.ActiveCfg = Debug|Any CPU
		{B01DED7E-3461-4038-AFEE-489997AF4B2F}.Debug|Any CPU.Build.0 = Debug|Any CPU
		{B01DED7E-3461-4038-AFEE-489997AF4B2F}.Release|Any CPU.ActiveCfg = Release|Any CPU
		{B01DED7E-3461-4038-AFEE-489997AF4B2F}.Release|Any CPU.Build.0 = Release|Any CPU
		{1F7E18A2-DF57-4D14-A50D-BFE3DEBE8BDF}.Debug|Any CPU.ActiveCfg = Debug|Any CPU
		{1F7E18A2-DF57-4D14-A50D-BFE3DEBE8BDF}.Debug|Any CPU.Build.0 = Debug|Any CPU
		{1F7E18A2-DF57-4D14-A50D-BFE3DEBE8BDF}.Release|Any CPU.ActiveCfg = Release|Any CPU
		{1F7E18A2-DF57-4D14-A50D-BFE3DEBE8BDF}.Release|Any CPU.Build.0 = Release|Any CPU
		{E094C41E-1098-4697-A6C9-3C7B805CC3EF}.Debug|Any CPU.ActiveCfg = Debug|Any CPU
		{E094C41E-1098-4697-A6C9-3C7B805CC3EF}.Debug|Any CPU.Build.0 = Debug|Any CPU
		{E094C41E-1098-4697-A6C9-3C7B805CC3EF}.Release|Any CPU.ActiveCfg = Release|Any CPU
		{E094C41E-1098-4697-A6C9-3C7B805CC3EF}.Release|Any CPU.Build.0 = Release|Any CPU
		{14667FB9-C8C2-481F-B087-2E2EAF1EE190}.Debug|Any CPU.ActiveCfg = Debug|Any CPU
		{14667FB9-C8C2-481F-B087-2E2EAF1EE190}.Debug|Any CPU.Build.0 = Debug|Any CPU
		{14667FB9-C8C2-481F-B087-2E2EAF1EE190}.Release|Any CPU.ActiveCfg = Release|Any CPU
		{14667FB9-C8C2-481F-B087-2E2EAF1EE190}.Release|Any CPU.Build.0 = Release|Any CPU
		{4CFE7548-C2CF-4919-8AFA-7B49B62455D3}.Debug|Any CPU.ActiveCfg = Debug|Any CPU
		{4CFE7548-C2CF-4919-8AFA-7B49B62455D3}.Debug|Any CPU.Build.0 = Debug|Any CPU
		{4CFE7548-C2CF-4919-8AFA-7B49B62455D3}.Release|Any CPU.ActiveCfg = Release|Any CPU
		{4CFE7548-C2CF-4919-8AFA-7B49B62455D3}.Release|Any CPU.Build.0 = Release|Any CPU
		{618D4204-2848-4401-924A-AAC841BEBEE9}.Debug|Any CPU.ActiveCfg = Debug|Any CPU
		{618D4204-2848-4401-924A-AAC841BEBEE9}.Debug|Any CPU.Build.0 = Debug|Any CPU
		{618D4204-2848-4401-924A-AAC841BEBEE9}.Release|Any CPU.ActiveCfg = Release|Any CPU
		{618D4204-2848-4401-924A-AAC841BEBEE9}.Release|Any CPU.Build.0 = Release|Any CPU
		{C1F1A979-DEE9-4CB6-B373-7DA39CE28163}.Debug|Any CPU.ActiveCfg = Debug|Any CPU
		{C1F1A979-DEE9-4CB6-B373-7DA39CE28163}.Debug|Any CPU.Build.0 = Debug|Any CPU
		{C1F1A979-DEE9-4CB6-B373-7DA39CE28163}.Release|Any CPU.ActiveCfg = Release|Any CPU
		{C1F1A979-DEE9-4CB6-B373-7DA39CE28163}.Release|Any CPU.Build.0 = Release|Any CPU
	EndGlobalSection
	GlobalSection(SolutionProperties) = preSolution
		HideSolutionNode = FALSE
	EndGlobalSection
	GlobalSection(ExtensibilityGlobals) = postSolution
		SolutionGuid = {DFA3531E-ED34-40EC-85B4-FE9401F5B4FB}
	EndGlobalSection
	GlobalSection(TeamFoundationVersionControl) = preSolution
		SccNumberOfProjects = 10
		SccEnterpriseProvider = {4CA58AB2-18FA-4F8D-95D4-32DDF27D184C}
		SccTeamFoundationServer = https://willhuo.visualstudio.com/
		SccLocalPath0 = .
		SccProjectUniqueName1 = WechatRobot.SDK\\WechatRobot.SDK.csproj
		SccProjectName1 = WechatRobot.SDK
		SccLocalPath1 = WechatRobot.SDK
		SccProjectUniqueName2 = WechatRobot.Web\\WechatRobot.Web.csproj
		SccProjectName2 = WechatRobot.Web
		SccLocalPath2 = WechatRobot.Web
		SccProjectUniqueName3 = WechatRobot.Model\\WechatRobot.Model.csproj
		SccProjectName3 = WechatRobot.Model
		SccLocalPath3 = WechatRobot.Model
		SccProjectUniqueName4 = WechatRobot.Common\\WechatRobot.Common.csproj
		SccProjectName4 = WechatRobot.Common
		SccLocalPath4 = WechatRobot.Common
		SccProjectUniqueName5 = WechatRobot.DataAccess\\WechatRobot.DataAccess.csproj
		SccProjectName5 = WechatRobot.DataAccess
		SccLocalPath5 = WechatRobot.DataAccess
		SccProjectUniqueName6 = WechatRobot.BusinessLogic\\WechatRobot.BusinessLogic.csproj
		SccProjectName6 = WechatRobot.BusinessLogic
		SccLocalPath6 = WechatRobot.BusinessLogic
		SccProjectUniqueName7 = WechatRobot.Controllers\\WechatRobot.Controllers.csproj
		SccProjectName7 = WechatRobot.Controllers
		SccLocalPath7 = WechatRobot.Controllers
		SccProjectUniqueName8 = UnitTestProject\\UnitTestProject.csproj
		SccProjectName8 = UnitTestProject
		SccLocalPath8 = UnitTestProject
		SccProjectUniqueName9 = WechatRobot\\WechatRobot.csproj
		SccProjectName9 = WechatRobot
		SccLocalPath9 = WechatRobot
	EndGlobalSection
EndGlobal
